
Microsoft Visual Studio Solution File, Format Version 12.00
# Visual Studio Version 16
VisualStudioVersion = 16.0.29102.190
MinimumVisualStudioVersion = 10.0.40219.1
Project("{FAE04EC0-301F-11D3-BF4B-00C04F79EFBC}") = "Frame Checker", "Frame Checker\Frame Checker.csproj", "{9FF73D4E-55FE-426F-84B5-047333572A98}"
EndProject
Global
	GlobalSection(SolutionConfigurationPlatforms) = preSolution
		Debug|Any CPU = Debug|Any CPU
		Debug|x64 = Debug|x64
		Release|Any CPU = Release|Any CPU
		Release|x64 = Release|x64
	EndGlobalSection
	GlobalSection(ProjectConfigurationPlatforms) = postSolution
		{9FF73D4E-55FE-426F-84B5-047333572A98}.Debug|Any CPU.ActiveCfg = Debug|Any CPU
		{9FF73D4E-55FE-426F-84B5-047333572A98}.Debug|Any CPU.Build.0 = Debug|Any CPU
		{9FF73D4E-55FE-426F-84B5-047333572A98}.Debug|x64.ActiveCfg = Debug|x64
		{9FF73D4E-55FE-426F-84B5-047333572A98}.Debug|x64.Build.0 = Debug|x64
		{9FF73D4E-55FE-426F-84B5-047333572A98}.Release|Any CPU.ActiveCfg = Release|Any CPU
		{9FF73D4E-55FE-426F-84B5-047333572A98}.Release|Any CPU.Build.0 = Release|Any CPU
		{9FF73D4E-55FE-426F-84B5-047333572A98}.Release|x64.ActiveCfg = Release|x64
		{9FF73D4E-55FE-426F-84B5-047333572A98}.Release|x64.Build.0 = Release|x64
	EndGlobalSection
	GlobalSection(SolutionProperties) = preSolution
		HideSolutionNode = FALSE
	EndGlobalSection
	GlobalSection(ExtensibilityGlobals) = postSolution
		SolutionGuid = {E82435B8-23B7-4CEF-9D84-040C7FE853FD}
	EndGlobalSection
EndGlobal
